
Microsoft Visual Studio Solution File, Format Version 12.00
# Visual Studio 14
VisualStudioVersion = 14.0.25420.1
MinimumVisualStudioVersion = 10.0.40219.1
Project("{FAE04EC0-301F-11D3-BF4B-00C04F79EFBC}") = "Entrainement", "Entrainement\Entrainement.csproj", "{D90B0FCB-5772-4FD7-ADC6-DD1D2EC2B089}"
EndProject
Project("{FAE04EC0-301F-11D3-BF4B-00C04F79EFBC}") = "NombrePremiers", "NombrePremiers\NombrePremiers.csproj", "{DEC81C10-9D98-489E-B1E1-92E3264A8729}"
EndProject
Global
	GlobalSection(SolutionConfigurationPlatforms) = preSolution
		Debug|Any CPU = Debug|Any CPU
		Release|Any CPU = Release|Any CPU
	EndGlobalSection
	GlobalSection(ProjectConfigurationPlatforms) = postSolution
		{D90B0FCB-5772-4FD7-ADC6-DD1D2EC2B089}.Debug|Any CPU.ActiveCfg = Debug|Any CPU
		{D90B0FCB-5772-4FD7-ADC6-DD1D2EC2B089}.Debug|Any CPU.Build.0 = Debug|Any CPU
		{D90B0FCB-5772-4FD7-ADC6-DD1D2EC2B089}.Release|Any CPU.ActiveCfg = Release|Any CPU
		{D90B0FCB-5772-4FD7-ADC6-DD1D2EC2B089}.Release|Any CPU.Build.0 = Release|Any CPU
		{DEC81C10-9D98-489E-B1E1-92E3264A8729}.Debug|Any CPU.ActiveCfg = Debug|Any CPU
		{DEC81C10-9D98-489E-B1E1-92E3264A8729}.Debug|Any CPU.Build.0 = Debug|Any CPU
		{DEC81C10-9D98-489E-B1E1-92E3264A8729}.Release|Any CPU.ActiveCfg = Release|Any CPU
		{DEC81C10-9D98-489E-B1E1-92E3264A8729}.Release|Any CPU.Build.0 = Release|Any CPU
	EndGlobalSection
	GlobalSection(SolutionProperties) = preSolution
		HideSolutionNode = FALSE
	EndGlobalSection
EndGlobal
